
Microsoft Visual Studio Solution File, Format Version 12.00
# Visual Studio Version 17
VisualStudioVersion = 17.0.32112.339
MinimumVisualStudioVersion = 10.0.40219.1
Project("{FAE04EC0-301F-11D3-BF4B-00C04F79EFBC}") = "AbstractFactory", "AbstractFactory.csproj", "{83B196CC-6EC2-4C32-A24E-70CCB83AB601}"
EndProject
Global
	GlobalSection(SolutionConfigurationPlatforms) = preSolution
		Debug|Any CPU = Debug|Any CPU
		Release|Any CPU = Release|Any CPU
	EndGlobalSection
	GlobalSection(ProjectConfigurationPlatforms) = postSolution
		{83B196CC-6EC2-4C32-A24E-70CCB83AB601}.Debug|Any CPU.ActiveCfg = Debug|Any CPU
		{83B196CC-6EC2-4C32-A24E-70CCB83AB601}.Debug|Any CPU.Build.0 = Debug|Any CPU
		{83B196CC-6EC2-4C32-A24E-70CCB83AB601}.Release|Any CPU.ActiveCfg = Release|Any CPU
		{83B196CC-6EC2-4C32-A24E-70CCB83AB601}.Release|Any CPU.Build.0 = Release|Any CPU
	EndGlobalSection
	GlobalSection(SolutionProperties) = preSolution
		HideSolutionNode = FALSE
	EndGlobalSection
	GlobalSection(ExtensibilityGlobals) = postSolution
		SolutionGuid = {C16B6C04-A5A2-4BB3-9BD6-1D4D876C621A}
	EndGlobalSection
EndGlobal
