
Microsoft Visual Studio Solution File, Format Version 12.00
# Visual Studio Version 16
VisualStudioVersion = 16.0.31019.35
MinimumVisualStudioVersion = 10.0.40219.1
Project("{FAE04EC0-301F-11D3-BF4B-00C04F79EFBC}") = "Mediator", "Mediator\Mediator.csproj", "{1BC2DACF-EEA5-4CA8-BAA2-1C1E0BC3D736}"
EndProject
Global
	GlobalSection(SolutionConfigurationPlatforms) = preSolution
		Debug|Any CPU = Debug|Any CPU
		Release|Any CPU = Release|Any CPU
	EndGlobalSection
	GlobalSection(ProjectConfigurationPlatforms) = postSolution
		{1BC2DACF-EEA5-4CA8-BAA2-1C1E0BC3D736}.Debug|Any CPU.ActiveCfg = Debug|Any CPU
		{1BC2DACF-EEA5-4CA8-BAA2-1C1E0BC3D736}.Debug|Any CPU.Build.0 = Debug|Any CPU
		{1BC2DACF-EEA5-4CA8-BAA2-1C1E0BC3D736}.Release|Any CPU.ActiveCfg = Release|Any CPU
		{1BC2DACF-EEA5-4CA8-BAA2-1C1E0BC3D736}.Release|Any CPU.Build.0 = Release|Any CPU
	EndGlobalSection
	GlobalSection(SolutionProperties) = preSolution
		HideSolutionNode = FALSE
	EndGlobalSection
	GlobalSection(ExtensibilityGlobals) = postSolution
		SolutionGuid = {626EFCEF-D430-421E-B9EA-40CBF7DDD25B}
	EndGlobalSection
EndGlobal
